
Microsoft Visual Studio Solution File, Format Version 12.00
# Visual Studio Version 16
VisualStudioVersion = 16.0.29613.14
MinimumVisualStudioVersion = 10.0.40219.1
Project("{2150E333-8FDC-42A3-9474-1A3956D46DE8}") = "01 - PresentationLayer", "01 - PresentationLayer", "{98BE5689-4E23-4670-A8E3-78511F5292A0}"
EndProject
Project("{2150E333-8FDC-42A3-9474-1A3956D46DE8}") = "02 - BusinessLayer", "02 - BusinessLayer", "{602E8572-D07F-4E51-BDBE-015D98EA655C}"
EndProject
Project("{2150E333-8FDC-42A3-9474-1A3956D46DE8}") = "03 - DataAccessLayer", "03 - DataAccessLayer", "{69AB27D3-1BDA-40FA-AF54-2A8FAABBB476}"
EndProject
Project("{9A19103F-16F7-4668-BE54-9A1E7A4F7556}") = "QuizzMania.BusinessLogicLayer", "QuizzMania.BusinessLogicLayer\QuizzMania.BusinessLogicLayer.csproj", "{12B9903D-2034-41D6-B075-2FC922E46AA3}"
EndProject
Project("{9A19103F-16F7-4668-BE54-9A1E7A4F7556}") = "QuizzMania.DataAccessLayer", "QuizzMania.DataAccessLayer\QuizzMania.DataAccessLayer.csproj", "{7666493D-4609-45C9-B923-A6775B0A3986}"
EndProject
Project("{9A19103F-16F7-4668-BE54-9A1E7A4F7556}") = "QuizzMania.Web", "QuizzMania.Web\QuizzMania.Web.csproj", "{55CA2E51-58E6-4FCC-8878-5D2C2F3F6938}"
EndProject
Global
	GlobalSection(SolutionConfigurationPlatforms) = preSolution
		Debug|Any CPU = Debug|Any CPU
		Release|Any CPU = Release|Any CPU
	EndGlobalSection
	GlobalSection(ProjectConfigurationPlatforms) = postSolution
		{12B9903D-2034-41D6-B075-2FC922E46AA3}.Debug|Any CPU.ActiveCfg = Debug|Any CPU
		{12B9903D-2034-41D6-B075-2FC922E46AA3}.Debug|Any CPU.Build.0 = Debug|Any CPU
		{12B9903D-2034-41D6-B075-2FC922E46AA3}.Release|Any CPU.ActiveCfg = Release|Any CPU
		{12B9903D-2034-41D6-B075-2FC922E46AA3}.Release|Any CPU.Build.0 = Release|Any CPU
		{7666493D-4609-45C9-B923-A6775B0A3986}.Debug|Any CPU.ActiveCfg = Debug|Any CPU
		{7666493D-4609-45C9-B923-A6775B0A3986}.Debug|Any CPU.Build.0 = Debug|Any CPU
		{7666493D-4609-45C9-B923-A6775B0A3986}.Release|Any CPU.ActiveCfg = Release|Any CPU
		{7666493D-4609-45C9-B923-A6775B0A3986}.Release|Any CPU.Build.0 = Release|Any CPU
		{55CA2E51-58E6-4FCC-8878-5D2C2F3F6938}.Debug|Any CPU.ActiveCfg = Debug|Any CPU
		{55CA2E51-58E6-4FCC-8878-5D2C2F3F6938}.Debug|Any CPU.Build.0 = Debug|Any CPU
		{55CA2E51-58E6-4FCC-8878-5D2C2F3F6938}.Release|Any CPU.ActiveCfg = Release|Any CPU
		{55CA2E51-58E6-4FCC-8878-5D2C2F3F6938}.Release|Any CPU.Build.0 = Release|Any CPU
	EndGlobalSection
	GlobalSection(SolutionProperties) = preSolution
		HideSolutionNode = FALSE
	EndGlobalSection
	GlobalSection(NestedProjects) = preSolution
		{12B9903D-2034-41D6-B075-2FC922E46AA3} = {602E8572-D07F-4E51-BDBE-015D98EA655C}
		{7666493D-4609-45C9-B923-A6775B0A3986} = {69AB27D3-1BDA-40FA-AF54-2A8FAABBB476}
		{55CA2E51-58E6-4FCC-8878-5D2C2F3F6938} = {98BE5689-4E23-4670-A8E3-78511F5292A0}
	EndGlobalSection
	GlobalSection(ExtensibilityGlobals) = postSolution
		SolutionGuid = {0AE15A34-21EA-4D88-86C2-73680FFFD494}
	EndGlobalSection
EndGlobal
